// !$*UTF8*$!
{
	archiveVersion = 1;
	classes = {
	};
	objectVersion = 50;
	objects = {

/* Begin PBXBuildFile section */
		6D473A60214D45D6007A7AB4 /* AppDelegate.swift in Sources */ = {isa = PBXBuildFile; fileRef = 6D473A5F214D45D6007A7AB4 /* AppDelegate.swift */; };
		6D473A62214D45D6007A7AB4 /* TodoListViewController.swift in Sources */ = {isa = PBXBuildFile; fileRef = 6D473A61214D45D6007A7AB4 /* TodoListViewController.swift */; };
		6D473A65214D45D6007A7AB4 /* Main.storyboard in Resources */ = {isa = PBXBuildFile; fileRef = 6D473A63214D45D6007A7AB4 /* Main.storyboard */; };
		6D473A67214D45D8007A7AB4 /* Assets.xcassets in Resources */ = {isa = PBXBuildFile; fileRef = 6D473A66214D45D8007A7AB4 /* Assets.xcassets */; };
		6D473A6A214D45D8007A7AB4 /* LaunchScreen.storyboard in Resources */ = {isa = PBXBuildFile; fileRef = 6D473A68214D45D8007A7AB4 /* LaunchScreen.storyboard */; };
		6D87D9C521778C1500E0F103 /* CategoryTableViewController.swift in Sources */ = {isa = PBXBuildFile; fileRef = 6D87D9C421778C1500E0F103 /* CategoryTableViewController.swift */; };
		6DF79496217FB7EC001BDDB2 /* Item.swift in Sources */ = {isa = PBXBuildFile; fileRef = 6DF79495217FB7EC001BDDB2 /* Item.swift */; };
		6DF79498217FB807001BDDB2 /* Category.swift in Sources */ = {isa = PBXBuildFile; fileRef = 6DF79497217FB807001BDDB2 /* Category.swift */; };
		7390E0817B809948AD581ACB /* Pods_Todoey.framework in Frameworks */ = {isa = PBXBuildFile; fileRef = 8C8BC3CBCBE285F8BF0987C5 /* Pods_Todoey.framework */; };
/* End PBXBuildFile section */

/* Begin PBXFileReference section */
		49B545F68DD1B3F2A483F8EF /* Pods-Todoey.debug.xcconfig */ = {isa = PBXFileReference; includeInIndex = 1; lastKnownFileType = text.xcconfig; name = "Pods-Todoey.debug.xcconfig"; path = "Pods/Target Support Files/Pods-Todoey/Pods-Todoey.debug.xcconfig"; sourceTree = "<group>"; };
		6D473A5C214D45D6007A7AB4 /* Todoey.app */ = {isa = PBXFileReference; explicitFileType = wrapper.application; includeInIndex = 0; path = Todoey.app; sourceTree = BUILT_PRODUCTS_DIR; };
		6D473A5F214D45D6007A7AB4 /* AppDelegate.swift */ = {isa = PBXFileReference; lastKnownFileType = sourcecode.swift; path = AppDelegate.swift; sourceTree = "<group>"; };
		6D473A61214D45D6007A7AB4 /* TodoListViewController.swift */ = {isa = PBXFileReference; lastKnownFileType = sourcecode.swift; path = TodoListViewController.swift; sourceTree = "<group>"; };
		6D473A64214D45D6007A7AB4 /* Base */ = {isa = PBXFileReference; lastKnownFileType = file.storyboard; name = Base; path = Base.lproj/Main.storyboard; sourceTree = "<group>"; };
		6D473A66214D45D8007A7AB4 /* Assets.xcassets */ = {isa = PBXFileReference; lastKnownFileType = folder.assetcatalog; path = Assets.xcassets; sourceTree = "<group>"; };
		6D473A69214D45D8007A7AB4 /* Base */ = {isa = PBXFileReference; lastKnownFileType = file.storyboard; name = Base; path = Base.lproj/LaunchScreen.storyboard; sourceTree = "<group>"; };
		6D473A6B214D45D8007A7AB4 /* Info.plist */ = {isa = PBXFileReference; lastKnownFileType = text.plist.xml; path = Info.plist; sourceTree = "<group>"; };
		6D87D9C421778C1500E0F103 /* CategoryTableViewController.swift */ = {isa = PBXFileReference; lastKnownFileType = sourcecode.swift; path = CategoryTableViewController.swift; sourceTree = "<group>"; };
		6DF79495217FB7EC001BDDB2 /* Item.swift */ = {isa = PBXFileReference; lastKnownFileType = sourcecode.swift; path = Item.swift; sourceTree = "<group>"; };
		6DF79497217FB807001BDDB2 /* Category.swift */ = {isa = PBXFileReference; lastKnownFileType = sourcecode.swift; path = Category.swift; sourceTree = "<group>"; };
		8C8BC3CBCBE285F8BF0987C5 /* Pods_Todoey.framework */ = {isa = PBXFileReference; explicitFileType = wrapper.framework; includeInIndex = 0; path = Pods_Todoey.framework; sourceTree = BUILT_PRODUCTS_DIR; };
		8E8E68530ADFF2B9C5C9B817 /* Pods-Todoey.release.xcconfig */ = {isa = PBXFileReference; includeInIndex = 1; lastKnownFileType = text.xcconfig; name = "Pods-Todoey.release.xcconfig"; path = "Pods/Target Support Files/Pods-Todoey/Pods-Todoey.release.xcconfig"; sourceTree = "<group>"; };
/* End PBXFileReference section */

/* Begin PBXFrameworksBuildPhase section */
		6D473A59214D45D6007A7AB4 /* Frameworks */ = {
			isa = PBXFrameworksBuildPhase;
			buildActionMask = 2147483647;
			files = (
				7390E0817B809948AD581ACB /* Pods_Todoey.framework in Frameworks */,
			);
			runOnlyForDeploymentPostprocessing = 0;
		};
/* End PBXFrameworksBuildPhase section */

/* Begin PBXGroup section */
		603B858A2C157F4BB439D843 /* Pods */ = {
			isa = PBXGroup;
			children = (
				49B545F68DD1B3F2A483F8EF /* Pods-Todoey.debug.xcconfig */,
				8E8E68530ADFF2B9C5C9B817 /* Pods-Todoey.release.xcconfig */,
			);
			name = Pods;
			sourceTree = "<group>";
		};
		6D473A53214D45D6007A7AB4 = {
			isa = PBXGroup;
			children = (
				6D473A5E214D45D6007A7AB4 /* Todoey */,
				6D473A5D214D45D6007A7AB4 /* Products */,
				603B858A2C157F4BB439D843 /* Pods */,
				C2BCEC867E455766100B14C9 /* Frameworks */,
			);
			sourceTree = "<group>";
		};
		6D473A5D214D45D6007A7AB4 /* Products */ = {
			isa = PBXGroup;
			children = (
				6D473A5C214D45D6007A7AB4 /* Todoey.app */,
			);
			name = Products;
			sourceTree = "<group>";
		};
		6D473A5E214D45D6007A7AB4 /* Todoey */ = {
			isa = PBXGroup;
			children = (
				6D473A5F214D45D6007A7AB4 /* AppDelegate.swift */,
				6DA00802215C287100E49404 /* Controllers */,
				6DA00801215C286700E49404 /* Data Models */,
				6DA00803215C287A00E49404 /* Views */,
				6DA00804215C290500E49404 /* Supporting Files */,
				6D473A6B214D45D8007A7AB4 /* Info.plist */,
			);
			path = Todoey;
			sourceTree = "<group>";
		};
		6DA00801215C286700E49404 /* Data Models */ = {
			isa = PBXGroup;
			children = (
				6DF79497217FB807001BDDB2 /* Category.swift */,
				6DF79495217FB7EC001BDDB2 /* Item.swift */,
			);
			path = "Data Models";
			sourceTree = "<group>";
		};
		6DA00802215C287100E49404 /* Controllers */ = {
			isa = PBXGroup;
			children = (
				6D87D9C421778C1500E0F103 /* CategoryTableViewController.swift */,
				6D473A61214D45D6007A7AB4 /* TodoListViewController.swift */,
			);
			path = Controllers;
			sourceTree = "<group>";
		};
		6DA00803215C287A00E49404 /* Views */ = {
			isa = PBXGroup;
			children = (
				6D473A63214D45D6007A7AB4 /* Main.storyboard */,
			);
			path = Views;
			sourceTree = "<group>";
		};
		6DA00804215C290500E49404 /* Supporting Files */ = {
			isa = PBXGroup;
			children = (
				6D473A66214D45D8007A7AB4 /* Assets.xcassets */,
				6D473A68214D45D8007A7AB4 /* LaunchScreen.storyboard */,
			);
			path = "Supporting Files";
			sourceTree = "<group>";
		};
		C2BCEC867E455766100B14C9 /* Frameworks */ = {
			isa = PBXGroup;
			children = (
				8C8BC3CBCBE285F8BF0987C5 /* Pods_Todoey.framework */,
			);
			name = Frameworks;
			sourceTree = "<group>";
		};
/* End PBXGroup section */

/* Begin PBXNativeTarget section */
		6D473A5B214D45D6007A7AB4 /* Todoey */ = {
			isa = PBXNativeTarget;
			buildConfigurationList = 6D473A6E214D45D8007A7AB4 /* Build configuration list for PBXNativeTarget "Todoey" */;
			buildPhases = (
				4D02E493D209564A6A183263 /* [CP] Check Pods Manifest.lock */,
				6D473A58214D45D6007A7AB4 /* Sources */,
				6D473A59214D45D6007A7AB4 /* Frameworks */,
				6D473A5A214D45D6007A7AB4 /* Resources */,
				7A28C4B83A0C584941C31753 /* [CP] Embed Pods Frameworks */,
			);
			buildRules = (
			);
			dependencies = (
			);
			name = Todoey;
			productName = Todoey;
			productReference = 6D473A5C214D45D6007A7AB4 /* Todoey.app */;
			productType = "com.apple.product-type.application";
		};
/* End PBXNativeTarget section */

/* Begin PBXProject section */
		6D473A54214D45D6007A7AB4 /* Project object */ = {
			isa = PBXProject;
			attributes = {
				LastSwiftUpdateCheck = 0940;
				LastUpgradeCheck = 0940;
				ORGANIZATIONNAME = KayoNakao;
				TargetAttributes = {
					6D473A5B214D45D6007A7AB4 = {
						CreatedOnToolsVersion = 9.4.1;
						LastSwiftMigration = 1000;
					};
				};
			};
			buildConfigurationList = 6D473A57214D45D6007A7AB4 /* Build configuration list for PBXProject "Todoey" */;
			compatibilityVersion = "Xcode 9.3";
			developmentRegion = en;
			hasScannedForEncodings = 0;
			knownRegions = (
				en,
				Base,
			);
			mainGroup = 6D473A53214D45D6007A7AB4;
			productRefGroup = 6D473A5D214D45D6007A7AB4 /* Products */;
			projectDirPath = "";
			projectRoot = "";
			targets = (
				6D473A5B214D45D6007A7AB4 /* Todoey */,
			);
		};
/* End PBXProject section */

/* Begin PBXResourcesBuildPhase section */
		6D473A5A214D45D6007A7AB4 /* Resources */ = {
			isa = PBXResourcesBuildPhase;
			buildActionMask = 2147483647;
			files = (
				6D473A6A214D45D8007A7AB4 /* LaunchScreen.storyboard in Resources */,
				6D473A67214D45D8007A7AB4 /* Assets.xcassets in Resources */,
				6D473A65214D45D6007A7AB4 /* Main.storyboard in Resources */,
			);
			runOnlyForDeploymentPostprocessing = 0;
		};
/* End PBXResourcesBuildPhase section */

/* Begin PBXShellScriptBuildPhase section */
		4D02E493D209564A6A183263 /* [CP] Check Pods Manifest.lock */ = {
			isa = PBXShellScriptBuildPhase;
			buildActionMask = 2147483647;
			files = (
			);
			inputPaths = (
				"${PODS_PODFILE_DIR_PATH}/Podfile.lock",
				"${PODS_ROOT}/Manifest.lock",
			);
			name = "[CP] Check Pods Manifest.lock";
			outputPaths = (
				"$(DERIVED_FILE_DIR)/Pods-Todoey-checkManifestLockResult.txt",
			);
			runOnlyForDeploymentPostprocessing = 0;
			shellPath = /bin/sh;
			shellScript = "diff \"${PODS_PODFILE_DIR_PATH}/Podfile.lock\" \"${PODS_ROOT}/Manifest.lock\" > /dev/null\nif [ $? != 0 ] ; then\n    # print error to STDERR\n    echo \"error: The sandbox is not in sync with the Podfile.lock. Run 'pod install' or update your CocoaPods installation.\" >&2\n    exit 1\nfi\n# This output is used by Xcode 'outputs' to avoid re-running this script phase.\necho \"SUCCESS\" > \"${SCRIPT_OUTPUT_FILE_0}\"\n";
			showEnvVarsInLog = 0;
		};
		7A28C4B83A0C584941C31753 /* [CP] Embed Pods Frameworks */ = {
			isa = PBXShellScriptBuildPhase;
			buildActionMask = 2147483647;
			files = (
			);
			inputPaths = (
				"${SRCROOT}/Pods/Target Support Files/Pods-Todoey/Pods-Todoey-frameworks.sh",
				"${BUILT_PRODUCTS_DIR}/Realm/Realm.framework",
				"${BUILT_PRODUCTS_DIR}/RealmSwift/RealmSwift.framework",
			);
			name = "[CP] Embed Pods Frameworks";
			outputPaths = (
				"${TARGET_BUILD_DIR}/${FRAMEWORKS_FOLDER_PATH}/Realm.framework",
				"${TARGET_BUILD_DIR}/${FRAMEWORKS_FOLDER_PATH}/RealmSwift.framework",
			);
			runOnlyForDeploymentPostprocessing = 0;
			shellPath = /bin/sh;
			shellScript = "\"${SRCROOT}/Pods/Target Support Files/Pods-Todoey/Pods-Todoey-frameworks.sh\"\n";
			showEnvVarsInLog = 0;
		};
/* End PBXShellScriptBuildPhase section */

/* Begin PBXSourcesBuildPhase section */
		6D473A58214D45D6007A7AB4 /* Sources */ = {
			isa = PBXSourcesBuildPhase;
			buildActionMask = 2147483647;
			files = (
				6DF79496217FB7EC001BDDB2 /* Item.swift in Sources */,
				6D473A62214D45D6007A7AB4 /* TodoListViewController.swift in Sources */,
				6D473A60214D45D6007A7AB4 /* AppDelegate.swift in Sources */,
				6D87D9C521778C1500E0F103 /* CategoryTableViewController.swift in Sources */,
				6DF79498217FB807001BDDB2 /* Category.swift in Sources */,
			);
			runOnlyForDeploymentPostprocessing = 0;
		};
/* End PBXSourcesBuildPhase section */

/* Begin PBXVariantGroup section */
		6D473A63214D45D6007A7AB4 /* Main.storyboard */ = {
			isa = PBXVariantGroup;
			children = (
				6D473A64214D45D6007A7AB4 /* Base */,
			);
			name = Main.storyboard;
			sourceTree = "<group>";
		};
		6D473A68214D45D8007A7AB4 /* LaunchScreen.storyboard */ = {
			isa = PBXVariantGroup;
			children = (
				6D473A69214D45D8007A7AB4 /* Base */,
			);
			name = LaunchScreen.storyboard;
			sourceTree = "<group>";
		};
/* End PBXVariantGroup section */

/* Begin XCBuildConfiguration section */
		6D473A6C214D45D8007A7AB4 /* Debug */ = {
			isa = XCBuildConfiguration;
			buildSettings = {
				ALWAYS_SEARCH_USER_PATHS = NO;
				CLANG_ANALYZER_NONNULL = YES;
				CLANG_ANALYZER_NUMBER_OBJECT_CONVERSION = YES_AGGRESSIVE;
				CLANG_CXX_LANGUAGE_STANDARD = "gnu++14";
				CLANG_CXX_LIBRARY = "libc++";
				CLANG_ENABLE_MODULES = YES;
				CLANG_ENABLE_OBJC_ARC = YES;
				CLANG_ENABLE_OBJC_WEAK = YES;
				CLANG_WARN_BLOCK_CAPTURE_AUTORELEASING = YES;
				CLANG_WARN_BOOL_CONVERSION = YES;
				CLANG_WARN_COMMA = YES;
				CLANG_WARN_CONSTANT_CONVERSION = YES;
				CLANG_WARN_DEPRECATED_OBJC_IMPLEMENTATIONS = YES;
				CLANG_WARN_DIRECT_OBJC_ISA_USAGE = YES_ERROR;
				CLANG_WARN_DOCUMENTATION_COMMENTS = YES;
				CLANG_WARN_EMPTY_BODY = YES;
				CLANG_WARN_ENUM_CONVERSION = YES;
				CLANG_WARN_INFINITE_RECURSION = YES;
				CLANG_WARN_INT_CONVERSION = YES;
				CLANG_WARN_NON_LITERAL_NULL_CONVERSION = YES;
				CLANG_WARN_OBJC_IMPLICIT_RETAIN_SELF = YES;
				CLANG_WARN_OBJC_LITERAL_CONVERSION = YES;
				CLANG_WARN_OBJC_ROOT_CLASS = YES_ERROR;
				CLANG_WARN_RANGE_LOOP_ANALYSIS = YES;
				CLANG_WARN_STRICT_PROTOTYPES = YES;
				CLANG_WARN_SUSPICIOUS_MOVE = YES;
				CLANG_WARN_UNGUARDED_AVAILABILITY = YES_AGGRESSIVE;
				CLANG_WARN_UNREACHABLE_CODE = YES;
				CLANG_WARN__DUPLICATE_METHOD_MATCH = YES;
				CODE_SIGN_IDENTITY = "iPhone Developer";
				COPY_PHASE_STRIP = NO;
				DEBUG_INFORMATION_FORMAT = dwarf;
				ENABLE_STRICT_OBJC_MSGSEND = YES;
				ENABLE_TESTABILITY = YES;
				GCC_C_LANGUAGE_STANDARD = gnu11;
				GCC_DYNAMIC_NO_PIC = NO;
				GCC_NO_COMMON_BLOCKS = YES;
				GCC_OPTIMIZATION_LEVEL = 0;
				GCC_PREPROCESSOR_DEFINITIONS = (
					"DEBUG=1",
					"$(inherited)",
				);
				GCC_WARN_64_TO_32_BIT_CONVERSION = YES;
				GCC_WARN_ABOUT_RETURN_TYPE = YES_ERROR;
				GCC_WARN_UNDECLARED_SELECTOR = YES;
				GCC_WARN_UNINITIALIZED_AUTOS = YES_AGGRESSIVE;
				GCC_WARN_UNUSED_FUNCTION = YES;
				GCC_WARN_UNUSED_VARIABLE = YES;
				IPHONEOS_DEPLOYMENT_TARGET = 11.4;
				MTL_ENABLE_DEBUG_INFO = YES;
				ONLY_ACTIVE_ARCH = YES;
				SDKROOT = iphoneos;
				SWIFT_ACTIVE_COMPILATION_CONDITIONS = DEBUG;
				SWIFT_OPTIMIZATION_LEVEL = "-Onone";
			};
			name = Debug;
		};
		6D473A6D214D45D8007A7AB4 /* Release */ = {
			isa = XCBuildConfiguration;
			buildSettings = {
				ALWAYS_SEARCH_USER_PATHS = NO;
				CLANG_ANALYZER_NONNULL = YES;
				CLANG_ANALYZER_NUMBER_OBJECT_CONVERSION = YES_AGGRESSIVE;
				CLANG_CXX_LANGUAGE_STANDARD = "gnu++14";
				CLANG_CXX_LIBRARY = "libc++";
				CLANG_ENABLE_MODULES = YES;
				CLANG_ENABLE_OBJC_ARC = YES;
				CLANG_ENABLE_OBJC_WEAK = YES;
				CLANG_WARN_BLOCK_CAPTURE_AUTORELEASING = YES;
				CLANG_WARN_BOOL_CONVERSION = YES;
				CLANG_WARN_COMMA = YES;
				CLANG_WARN_CONSTANT_CONVERSION = YES;
				CLANG_WARN_DEPRECATED_OBJC_IMPLEMENTATIONS = YES;
				CLANG_WARN_DIRECT_OBJC_ISA_USAGE = YES_ERROR;
				CLANG_WARN_DOCUMENTATION_COMMENTS = YES;
				CLANG_WARN_EMPTY_BODY = YES;
				CLANG_WARN_ENUM_CONVERSION = YES;
				CLANG_WARN_INFINITE_RECURSION = YES;
				CLANG_WARN_INT_CONVERSION = YES;
				CLANG_WARN_NON_LITERAL_NULL_CONVERSION = YES;
				CLANG_WARN_OBJC_IMPLICIT_RETAIN_SELF = YES;
				CLANG_WARN_OBJC_LITERAL_CONVERSION = YES;
				CLANG_WARN_OBJC_ROOT_CLASS = YES_ERROR;
				CLANG_WARN_RANGE_LOOP_ANALYSIS = YES;
				CLANG_WARN_STRICT_PROTOTYPES = YES;
				CLANG_WARN_SUSPICIOUS_MOVE = YES;
				CLANG_WARN_UNGUARDED_AVAILABILITY = YES_AGGRESSIVE;
				CLANG_WARN_UNREACHABLE_CODE = YES;
				CLANG_WARN__DUPLICATE_METHOD_MATCH = YES;
				CODE_SIGN_IDENTITY = "iPhone Developer";
				COPY_PHASE_STRIP = NO;
				DEBUG_INFORMATION_FORMAT = "dwarf-with-dsym";
				ENABLE_NS_ASSERTIONS = NO;
				ENABLE_STRICT_OBJC_MSGSEND = YES;
				GCC_C_LANGUAGE_STANDARD = gnu11;
				GCC_NO_COMMON_BLOCKS = YES;
				GCC_WARN_64_TO_32_BIT_CONVERSION = YES;
				GCC_WARN_ABOUT_RETURN_TYPE = YES_ERROR;
				GCC_WARN_UNDECLARED_SELECTOR = YES;
				GCC_WARN_UNINITIALIZED_AUTOS = YES_AGGRESSIVE;
				GCC_WARN_UNUSED_FUNCTION = YES;
				GCC_WARN_UNUSED_VARIABLE = YES;
				IPHONEOS_DEPLOYMENT_TARGET = 11.4;
				MTL_ENABLE_DEBUG_INFO = NO;
				SDKROOT = iphoneos;
				SWIFT_COMPILATION_MODE = wholemodule;
				SWIFT_OPTIMIZATION_LEVEL = "-O";
				VALIDATE_PRODUCT = YES;
			};
			name = Release;
		};
		6D473A6F214D45D8007A7AB4 /* Debug */ = {
			isa = XCBuildConfiguration;
			baseConfigurationReference = 49B545F68DD1B3F2A483F8EF /* Pods-Todoey.debug.xcconfig */;
			buildSettings = {
				ASSETCATALOG_COMPILER_APPICON_NAME = AppIcon;
				CODE_SIGN_STYLE = Automatic;
				DEVELOPMENT_TEAM = T3XBUHQAXW;
				INFOPLIST_FILE = Todoey/Info.plist;
				LD_RUNPATH_SEARCH_PATHS = (
					"$(inherited)",
					"@executable_path/Frameworks",
				);
				PRODUCT_BUNDLE_IDENTIFIER = com.kayoNakao.Todoey;
				PRODUCT_NAME = "$(TARGET_NAME)";
				SWIFT_VERSION = 4.2;
				TARGETED_DEVICE_FAMILY = "1,2";
			};
			name = Debug;
		};
		6D473A70214D45D8007A7AB4 /* Release */ = {
			isa = XCBuildConfiguration;
			baseConfigurationReference = 8E8E68530ADFF2B9C5C9B817 /* Pods-Todoey.release.xcconfig */;
			buildSettings = {
				ASSETCATALOG_COMPILER_APPICON_NAME = AppIcon;
				CODE_SIGN_STYLE = Automatic;
				DEVELOPMENT_TEAM = T3XBUHQAXW;
				INFOPLIST_FILE = Todoey/Info.plist;
				LD_RUNPATH_SEARCH_PATHS = (
					"$(inherited)",
					"@executable_path/Frameworks",
				);
				PRODUCT_BUNDLE_IDENTIFIER = com.kayoNakao.Todoey;
				PRODUCT_NAME = "$(TARGET_NAME)";
				SWIFT_VERSION = 4.2;
				TARGETED_DEVICE_FAMILY = "1,2";
			};
			name = Release;
		};
/* End XCBuildConfiguration section */

/* Begin XCConfigurationList section */
		6D473A57214D45D6007A7AB4 /* Build configuration list for PBXProject "Todoey" */ = {
			isa = XCConfigurationList;
			buildConfigurations = (
				6D473A6C214D45D8007A7AB4 /* Debug */,
				6D473A6D214D45D8007A7AB4 /* Release */,
			);
			defaultConfigurationIsVisible = 0;
			defaultConfigurationName = Release;
		};
		6D473A6E214D45D8007A7AB4 /* Build configuration list for PBXNativeTarget "Todoey" */ = {
			isa = XCConfigurationList;
			buildConfigurations = (
				6D473A6F214D45D8007A7AB4 /* Debug */,
				6D473A70214D45D8007A7AB4 /* Release */,
			);
			defaultConfigurationIsVisible = 0;
			defaultConfigurationName = Release;
		};
/* End XCConfigurationList section */
	};
	rootObject = 6D473A54214D45D6007A7AB4 /* Project object */;
}
